
Microsoft Visual Studio Solution File, Format Version 12.00
# Visual Studio Version 17
VisualStudioVersion = 17.3.32825.248
MinimumVisualStudioVersion = 10.0.40219.1
Project("{9A19103F-16F7-4668-BE54-9A1E7A4F7556}") = "VerificationAPI", "VerificationAPI\VerificationAPI.csproj", "{B38BC12F-CEAC-4E78-B6A7-37911B30D34F}"
EndProject
Project("{9A19103F-16F7-4668-BE54-9A1E7A4F7556}") = "Verification.Application", "Verification.Application\Verification.Application.csproj", "{55ED0089-D39B-4090-BAA0-876FFEE6CAFA}"
EndProject
Project("{9A19103F-16F7-4668-BE54-9A1E7A4F7556}") = "Verification.Domain", "Verification.Domain\Verification.Domain.csproj", "{0BFCA037-A03B-4B78-927E-4833F4E78395}"
EndProject
Project("{9A19103F-16F7-4668-BE54-9A1E7A4F7556}") = "Verification.Infrastructure", "Verification.Infrastructure\Verification.Infrastructure.csproj", "{840A09BE-94C1-4AAA-B46C-1C05F747E498}"
EndProject
Project("{FAE04EC0-301F-11D3-BF4B-00C04F79EFBC}") = "Verification.Shared", "Verification.Shared\Verification.Shared.csproj", "{D7125EA5-A2D3-4FD3-A373-704CAFE5808D}"
EndProject
Global
	GlobalSection(SolutionConfigurationPlatforms) = preSolution
		Debug|Any CPU = Debug|Any CPU
		Release|Any CPU = Release|Any CPU
	EndGlobalSection
	GlobalSection(ProjectConfigurationPlatforms) = postSolution
		{B38BC12F-CEAC-4E78-B6A7-37911B30D34F}.Debug|Any CPU.ActiveCfg = Debug|Any CPU
		{B38BC12F-CEAC-4E78-B6A7-37911B30D34F}.Debug|Any CPU.Build.0 = Debug|Any CPU
		{B38BC12F-CEAC-4E78-B6A7-37911B30D34F}.Release|Any CPU.ActiveCfg = Release|Any CPU
		{B38BC12F-CEAC-4E78-B6A7-37911B30D34F}.Release|Any CPU.Build.0 = Release|Any CPU
		{55ED0089-D39B-4090-BAA0-876FFEE6CAFA}.Debug|Any CPU.ActiveCfg = Debug|Any CPU
		{55ED0089-D39B-4090-BAA0-876FFEE6CAFA}.Debug|Any CPU.Build.0 = Debug|Any CPU
		{55ED0089-D39B-4090-BAA0-876FFEE6CAFA}.Release|Any CPU.ActiveCfg = Release|Any CPU
		{55ED0089-D39B-4090-BAA0-876FFEE6CAFA}.Release|Any CPU.Build.0 = Release|Any CPU
		{0BFCA037-A03B-4B78-927E-4833F4E78395}.Debug|Any CPU.ActiveCfg = Debug|Any CPU
		{0BFCA037-A03B-4B78-927E-4833F4E78395}.Debug|Any CPU.Build.0 = Debug|Any CPU
		{0BFCA037-A03B-4B78-927E-4833F4E78395}.Release|Any CPU.ActiveCfg = Release|Any CPU
		{0BFCA037-A03B-4B78-927E-4833F4E78395}.Release|Any CPU.Build.0 = Release|Any CPU
		{840A09BE-94C1-4AAA-B46C-1C05F747E498}.Debug|Any CPU.ActiveCfg = Debug|Any CPU
		{840A09BE-94C1-4AAA-B46C-1C05F747E498}.Debug|Any CPU.Build.0 = Debug|Any CPU
		{840A09BE-94C1-4AAA-B46C-1C05F747E498}.Release|Any CPU.ActiveCfg = Release|Any CPU
		{840A09BE-94C1-4AAA-B46C-1C05F747E498}.Release|Any CPU.Build.0 = Release|Any CPU
		{D7125EA5-A2D3-4FD3-A373-704CAFE5808D}.Debug|Any CPU.ActiveCfg = Debug|Any CPU
		{D7125EA5-A2D3-4FD3-A373-704CAFE5808D}.Debug|Any CPU.Build.0 = Debug|Any CPU
		{D7125EA5-A2D3-4FD3-A373-704CAFE5808D}.Release|Any CPU.ActiveCfg = Release|Any CPU
		{D7125EA5-A2D3-4FD3-A373-704CAFE5808D}.Release|Any CPU.Build.0 = Release|Any CPU
	EndGlobalSection
	GlobalSection(SolutionProperties) = preSolution
		HideSolutionNode = FALSE
	EndGlobalSection
	GlobalSection(ExtensibilityGlobals) = postSolution
		SolutionGuid = {DF9D2F57-8898-4BCA-B89E-C58DD94BC68A}
	EndGlobalSection
EndGlobal
